
Microsoft Visual Studio Solution File, Format Version 12.00
# Visual Studio Version 16
VisualStudioVersion = 16.0.30011.22
MinimumVisualStudioVersion = 10.0.40219.1
Project("{FAE04EC0-301F-11D3-BF4B-00C04F79EFBC}") = "calculator-wpf", "calculator-wpf.csproj", "{FF391C78-5C76-482A-982F-117BA37FEA0D}"
EndProject
Global
	GlobalSection(SolutionConfigurationPlatforms) = preSolution
		Debug|Any CPU = Debug|Any CPU
		Release|Any CPU = Release|Any CPU
	EndGlobalSection
	GlobalSection(ProjectConfigurationPlatforms) = postSolution
		{FF391C78-5C76-482A-982F-117BA37FEA0D}.Debug|Any CPU.ActiveCfg = Debug|Any CPU
		{FF391C78-5C76-482A-982F-117BA37FEA0D}.Debug|Any CPU.Build.0 = Debug|Any CPU
		{FF391C78-5C76-482A-982F-117BA37FEA0D}.Release|Any CPU.ActiveCfg = Release|Any CPU
		{FF391C78-5C76-482A-982F-117BA37FEA0D}.Release|Any CPU.Build.0 = Release|Any CPU
	EndGlobalSection
	GlobalSection(SolutionProperties) = preSolution
		HideSolutionNode = FALSE
	EndGlobalSection
	GlobalSection(ExtensibilityGlobals) = postSolution
		SolutionGuid = {82B9B475-7034-436B-BC22-ED9989AB7F1B}
	EndGlobalSection
EndGlobal
